// !$*UTF8*$!
{
	archiveVersion = 1;
	classes = {
	};
	objectVersion = 50;
	objects = {

/* Begin PBXBuildFile section */
		72CF38A2220DC512000A184C /* AppDelegate.swift in Sources */ = {isa = PBXBuildFile; fileRef = 72CF38A1220DC512000A184C /* AppDelegate.swift */; };
		72CF38A7220DC512000A184C /* Main.storyboard in Resources */ = {isa = PBXBuildFile; fileRef = 72CF38A5220DC512000A184C /* Main.storyboard */; };
		72CF38A9220DC513000A184C /* Assets.xcassets in Resources */ = {isa = PBXBuildFile; fileRef = 72CF38A8220DC513000A184C /* Assets.xcassets */; };
		72CF38AC220DC513000A184C /* LaunchScreen.storyboard in Resources */ = {isa = PBXBuildFile; fileRef = 72CF38AA220DC513000A184C /* LaunchScreen.storyboard */; };
		72CF38B7220DC513000A184C /* MVVMTests.swift in Sources */ = {isa = PBXBuildFile; fileRef = 72CF38B6220DC513000A184C /* MVVMTests.swift */; };
		72CF38C2220DC514000A184C /* MVVMUITests.swift in Sources */ = {isa = PBXBuildFile; fileRef = 72CF38C1220DC514000A184C /* MVVMUITests.swift */; };
		72CF38D2221066A3000A184C /* ModelDecoder.swift in Sources */ = {isa = PBXBuildFile; fileRef = 72CF38D0221066A3000A184C /* ModelDecoder.swift */; };
		72CF38D3221066A3000A184C /* Search.swift in Sources */ = {isa = PBXBuildFile; fileRef = 72CF38D1221066A3000A184C /* Search.swift */; };
		72CF38F122106709000A184C /* Request.swift in Sources */ = {isa = PBXBuildFile; fileRef = 72CF38E722106708000A184C /* Request.swift */; };
		72CF38F222106709000A184C /* MainTableViewCell.swift in Sources */ = {isa = PBXBuildFile; fileRef = 72CF38E922106708000A184C /* MainTableViewCell.swift */; };
		72CF38F322106709000A184C /* Int+Extension.swift in Sources */ = {isa = PBXBuildFile; fileRef = 72CF38EB22106709000A184C /* Int+Extension.swift */; };
		72CF38F422106709000A184C /* UIView+Extension.swift in Sources */ = {isa = PBXBuildFile; fileRef = 72CF38EC22106709000A184C /* UIView+Extension.swift */; };
		72CF38F522106709000A184C /* URLSession+Extension.swift in Sources */ = {isa = PBXBuildFile; fileRef = 72CF38ED22106709000A184C /* URLSession+Extension.swift */; };
		72CF38F622106709000A184C /* String+Extension.swift in Sources */ = {isa = PBXBuildFile; fileRef = 72CF38EE22106709000A184C /* String+Extension.swift */; };
		72CF38F722106709000A184C /* MainTableController.swift in Sources */ = {isa = PBXBuildFile; fileRef = 72CF38F022106709000A184C /* MainTableController.swift */; };
/* End PBXBuildFile section */

/* Begin PBXContainerItemProxy section */
		72CF38B3220DC513000A184C /* PBXContainerItemProxy */ = {
			isa = PBXContainerItemProxy;
			containerPortal = 72CF3896220DC512000A184C /* Project object */;
			proxyType = 1;
			remoteGlobalIDString = 72CF389D220DC512000A184C;
			remoteInfo = MVVM;
		};
		72CF38BE220DC514000A184C /* PBXContainerItemProxy */ = {
			isa = PBXContainerItemProxy;
			containerPortal = 72CF3896220DC512000A184C /* Project object */;
			proxyType = 1;
			remoteGlobalIDString = 72CF389D220DC512000A184C;
			remoteInfo = MVVM;
		};
/* End PBXContainerItemProxy section */

/* Begin PBXFileReference section */
		72CF389E220DC512000A184C /* MVVM.app */ = {isa = PBXFileReference; explicitFileType = wrapper.application; includeInIndex = 0; path = MVVM.app; sourceTree = BUILT_PRODUCTS_DIR; };
		72CF38A1220DC512000A184C /* AppDelegate.swift */ = {isa = PBXFileReference; lastKnownFileType = sourcecode.swift; path = AppDelegate.swift; sourceTree = "<group>"; };
		72CF38A6220DC512000A184C /* Base */ = {isa = PBXFileReference; lastKnownFileType = file.storyboard; name = Base; path = Base.lproj/Main.storyboard; sourceTree = "<group>"; };
		72CF38A8220DC513000A184C /* Assets.xcassets */ = {isa = PBXFileReference; lastKnownFileType = folder.assetcatalog; path = Assets.xcassets; sourceTree = "<group>"; };
		72CF38AB220DC513000A184C /* Base */ = {isa = PBXFileReference; lastKnownFileType = file.storyboard; name = Base; path = Base.lproj/LaunchScreen.storyboard; sourceTree = "<group>"; };
		72CF38AD220DC513000A184C /* Info.plist */ = {isa = PBXFileReference; lastKnownFileType = text.plist.xml; path = Info.plist; sourceTree = "<group>"; };
		72CF38B2220DC513000A184C /* MVVMTests.xctest */ = {isa = PBXFileReference; explicitFileType = wrapper.cfbundle; includeInIndex = 0; path = MVVMTests.xctest; sourceTree = BUILT_PRODUCTS_DIR; };
		72CF38B6220DC513000A184C /* MVVMTests.swift */ = {isa = PBXFileReference; lastKnownFileType = sourcecode.swift; path = MVVMTests.swift; sourceTree = "<group>"; };
		72CF38B8220DC513000A184C /* Info.plist */ = {isa = PBXFileReference; lastKnownFileType = text.plist.xml; path = Info.plist; sourceTree = "<group>"; };
		72CF38BD220DC514000A184C /* MVVMUITests.xctest */ = {isa = PBXFileReference; explicitFileType = wrapper.cfbundle; includeInIndex = 0; path = MVVMUITests.xctest; sourceTree = BUILT_PRODUCTS_DIR; };
		72CF38C1220DC514000A184C /* MVVMUITests.swift */ = {isa = PBXFileReference; lastKnownFileType = sourcecode.swift; path = MVVMUITests.swift; sourceTree = "<group>"; };
		72CF38C3220DC514000A184C /* Info.plist */ = {isa = PBXFileReference; lastKnownFileType = text.plist.xml; path = Info.plist; sourceTree = "<group>"; };
		72CF38D0221066A3000A184C /* ModelDecoder.swift */ = {isa = PBXFileReference; fileEncoding = 4; lastKnownFileType = sourcecode.swift; path = ModelDecoder.swift; sourceTree = "<group>"; };
		72CF38D1221066A3000A184C /* Search.swift */ = {isa = PBXFileReference; fileEncoding = 4; lastKnownFileType = sourcecode.swift; path = Search.swift; sourceTree = "<group>"; };
		72CF38E722106708000A184C /* Request.swift */ = {isa = PBXFileReference; fileEncoding = 4; lastKnownFileType = sourcecode.swift; path = Request.swift; sourceTree = "<group>"; };
		72CF38E922106708000A184C /* MainTableViewCell.swift */ = {isa = PBXFileReference; fileEncoding = 4; lastKnownFileType = sourcecode.swift; path = MainTableViewCell.swift; sourceTree = "<group>"; };
		72CF38EB22106709000A184C /* Int+Extension.swift */ = {isa = PBXFileReference; fileEncoding = 4; lastKnownFileType = sourcecode.swift; path = "Int+Extension.swift"; sourceTree = "<group>"; };
		72CF38EC22106709000A184C /* UIView+Extension.swift */ = {isa = PBXFileReference; fileEncoding = 4; lastKnownFileType = sourcecode.swift; path = "UIView+Extension.swift"; sourceTree = "<group>"; };
		72CF38ED22106709000A184C /* URLSession+Extension.swift */ = {isa = PBXFileReference; fileEncoding = 4; lastKnownFileType = sourcecode.swift; path = "URLSession+Extension.swift"; sourceTree = "<group>"; };
		72CF38EE22106709000A184C /* String+Extension.swift */ = {isa = PBXFileReference; fileEncoding = 4; lastKnownFileType = sourcecode.swift; path = "String+Extension.swift"; sourceTree = "<group>"; };
		72CF38F022106709000A184C /* MainTableController.swift */ = {isa = PBXFileReference; fileEncoding = 4; lastKnownFileType = sourcecode.swift; path = MainTableController.swift; sourceTree = "<group>"; };
/* End PBXFileReference section */

/* Begin PBXFrameworksBuildPhase section */
		72CF389B220DC512000A184C /* Frameworks */ = {
			isa = PBXFrameworksBuildPhase;
			buildActionMask = 2147483647;
			files = (
			);
			runOnlyForDeploymentPostprocessing = 0;
		};
		72CF38AF220DC513000A184C /* Frameworks */ = {
			isa = PBXFrameworksBuildPhase;
			buildActionMask = 2147483647;
			files = (
			);
			runOnlyForDeploymentPostprocessing = 0;
		};
		72CF38BA220DC514000A184C /* Frameworks */ = {
			isa = PBXFrameworksBuildPhase;
			buildActionMask = 2147483647;
			files = (
			);
			runOnlyForDeploymentPostprocessing = 0;
		};
/* End PBXFrameworksBuildPhase section */

/* Begin PBXGroup section */
		72CF3895220DC512000A184C = {
			isa = PBXGroup;
			children = (
				72CF38A0220DC512000A184C /* MVVM */,
				72CF38B5220DC513000A184C /* MVVMTests */,
				72CF38C0220DC514000A184C /* MVVMUITests */,
				72CF389F220DC512000A184C /* Products */,
			);
			sourceTree = "<group>";
		};
		72CF389F220DC512000A184C /* Products */ = {
			isa = PBXGroup;
			children = (
				72CF389E220DC512000A184C /* MVVM.app */,
				72CF38B2220DC513000A184C /* MVVMTests.xctest */,
				72CF38BD220DC514000A184C /* MVVMUITests.xctest */,
			);
			name = Products;
			sourceTree = "<group>";
		};
		72CF38A0220DC512000A184C /* MVVM */ = {
			isa = PBXGroup;
			children = (
				72CF38CF22106684000A184C /* Model */,
				72CF38E822106708000A184C /* View */,
				72CF38F822106769000A184C /* ViewModel */,
				72CF38EF22106709000A184C /* Controller */,
				72CF38E622106708000A184C /* Util */,
				72CF38EA22106709000A184C /* Extension */,
				72CF38A1220DC512000A184C /* AppDelegate.swift */,
				72CF38A5220DC512000A184C /* Main.storyboard */,
				72CF38A8220DC513000A184C /* Assets.xcassets */,
				72CF38AA220DC513000A184C /* LaunchScreen.storyboard */,
				72CF38AD220DC513000A184C /* Info.plist */,
			);
			path = MVVM;
			sourceTree = "<group>";
		};
		72CF38B5220DC513000A184C /* MVVMTests */ = {
			isa = PBXGroup;
			children = (
				72CF38B6220DC513000A184C /* MVVMTests.swift */,
				72CF38B8220DC513000A184C /* Info.plist */,
			);
			path = MVVMTests;
			sourceTree = "<group>";
		};
		72CF38C0220DC514000A184C /* MVVMUITests */ = {
			isa = PBXGroup;
			children = (
				72CF38C1220DC514000A184C /* MVVMUITests.swift */,
				72CF38C3220DC514000A184C /* Info.plist */,
			);
			path = MVVMUITests;
			sourceTree = "<group>";
		};
		72CF38CF22106684000A184C /* Model */ = {
			isa = PBXGroup;
			children = (
				72CF38D0221066A3000A184C /* ModelDecoder.swift */,
				72CF38D1221066A3000A184C /* Search.swift */,
			);
			path = Model;
			sourceTree = "<group>";
		};
		72CF38E622106708000A184C /* Util */ = {
			isa = PBXGroup;
			children = (
				72CF38E722106708000A184C /* Request.swift */,
			);
			path = Util;
			sourceTree = "<group>";
		};
		72CF38E822106708000A184C /* View */ = {
			isa = PBXGroup;
			children = (
				72CF38E922106708000A184C /* MainTableViewCell.swift */,
			);
			path = View;
			sourceTree = "<group>";
		};
		72CF38EA22106709000A184C /* Extension */ = {
			isa = PBXGroup;
			children = (
				72CF38EB22106709000A184C /* Int+Extension.swift */,
				72CF38EC22106709000A184C /* UIView+Extension.swift */,
				72CF38ED22106709000A184C /* URLSession+Extension.swift */,
				72CF38EE22106709000A184C /* String+Extension.swift */,
			);
			path = Extension;
			sourceTree = "<group>";
		};
		72CF38EF22106709000A184C /* Controller */ = {
			isa = PBXGroup;
			children = (
				72CF38F022106709000A184C /* MainTableController.swift */,
			);
			path = Controller;
			sourceTree = "<group>";
		};
		72CF38F822106769000A184C /* ViewModel */ = {
			isa = PBXGroup;
			children = (
			);
			path = ViewModel;
			sourceTree = "<group>";
		};
/* End PBXGroup section */

/* Begin PBXNativeTarget section */
		72CF389D220DC512000A184C /* MVVM */ = {
			isa = PBXNativeTarget;
			buildConfigurationList = 72CF38C6220DC514000A184C /* Build configuration list for PBXNativeTarget "MVVM" */;
			buildPhases = (
				72CF389A220DC512000A184C /* Sources */,
				72CF389B220DC512000A184C /* Frameworks */,
				72CF389C220DC512000A184C /* Resources */,
			);
			buildRules = (
			);
			dependencies = (
			);
			name = MVVM;
			productName = MVVM;
			productReference = 72CF389E220DC512000A184C /* MVVM.app */;
			productType = "com.apple.product-type.application";
		};
		72CF38B1220DC513000A184C /* MVVMTests */ = {
			isa = PBXNativeTarget;
			buildConfigurationList = 72CF38C9220DC514000A184C /* Build configuration list for PBXNativeTarget "MVVMTests" */;
			buildPhases = (
				72CF38AE220DC513000A184C /* Sources */,
				72CF38AF220DC513000A184C /* Frameworks */,
				72CF38B0220DC513000A184C /* Resources */,
			);
			buildRules = (
			);
			dependencies = (
				72CF38B4220DC513000A184C /* PBXTargetDependency */,
			);
			name = MVVMTests;
			productName = MVVMTests;
			productReference = 72CF38B2220DC513000A184C /* MVVMTests.xctest */;
			productType = "com.apple.product-type.bundle.unit-test";
		};
		72CF38BC220DC514000A184C /* MVVMUITests */ = {
			isa = PBXNativeTarget;
			buildConfigurationList = 72CF38CC220DC514000A184C /* Build configuration list for PBXNativeTarget "MVVMUITests" */;
			buildPhases = (
				72CF38B9220DC514000A184C /* Sources */,
				72CF38BA220DC514000A184C /* Frameworks */,
				72CF38BB220DC514000A184C /* Resources */,
			);
			buildRules = (
			);
			dependencies = (
				72CF38BF220DC514000A184C /* PBXTargetDependency */,
			);
			name = MVVMUITests;
			productName = MVVMUITests;
			productReference = 72CF38BD220DC514000A184C /* MVVMUITests.xctest */;
			productType = "com.apple.product-type.bundle.ui-testing";
		};
/* End PBXNativeTarget section */

/* Begin PBXProject section */
		72CF3896220DC512000A184C /* Project object */ = {
			isa = PBXProject;
			attributes = {
				LastSwiftUpdateCheck = 1010;
				LastUpgradeCheck = 1010;
				ORGANIZATIONNAME = hy_sean;
				TargetAttributes = {
					72CF389D220DC512000A184C = {
						CreatedOnToolsVersion = 10.1;
					};
					72CF38B1220DC513000A184C = {
						CreatedOnToolsVersion = 10.1;
						TestTargetID = 72CF389D220DC512000A184C;
					};
					72CF38BC220DC514000A184C = {
						CreatedOnToolsVersion = 10.1;
						TestTargetID = 72CF389D220DC512000A184C;
					};
				};
			};
			buildConfigurationList = 72CF3899220DC512000A184C /* Build configuration list for PBXProject "MVVM" */;
			compatibilityVersion = "Xcode 9.3";
			developmentRegion = en;
			hasScannedForEncodings = 0;
			knownRegions = (
				en,
				Base,
			);
			mainGroup = 72CF3895220DC512000A184C;
			productRefGroup = 72CF389F220DC512000A184C /* Products */;
			projectDirPath = "";
			projectRoot = "";
			targets = (
				72CF389D220DC512000A184C /* MVVM */,
				72CF38B1220DC513000A184C /* MVVMTests */,
				72CF38BC220DC514000A184C /* MVVMUITests */,
			);
		};
/* End PBXProject section */

/* Begin PBXResourcesBuildPhase section */
		72CF389C220DC512000A184C /* Resources */ = {
			isa = PBXResourcesBuildPhase;
			buildActionMask = 2147483647;
			files = (
				72CF38AC220DC513000A184C /* LaunchScreen.storyboard in Resources */,
				72CF38A9220DC513000A184C /* Assets.xcassets in Resources */,
				72CF38A7220DC512000A184C /* Main.storyboard in Resources */,
			);
			runOnlyForDeploymentPostprocessing = 0;
		};
		72CF38B0220DC513000A184C /* Resources */ = {
			isa = PBXResourcesBuildPhase;
			buildActionMask = 2147483647;
			files = (
			);
			runOnlyForDeploymentPostprocessing = 0;
		};
		72CF38BB220DC514000A184C /* Resources */ = {
			isa = PBXResourcesBuildPhase;
			buildActionMask = 2147483647;
			files = (
			);
			runOnlyForDeploymentPostprocessing = 0;
		};
/* End PBXResourcesBuildPhase section */

/* Begin PBXSourcesBuildPhase section */
		72CF389A220DC512000A184C /* Sources */ = {
			isa = PBXSourcesBuildPhase;
			buildActionMask = 2147483647;
			files = (
				72CF38D3221066A3000A184C /* Search.swift in Sources */,
				72CF38F722106709000A184C /* MainTableController.swift in Sources */,
				72CF38F422106709000A184C /* UIView+Extension.swift in Sources */,
				72CF38F122106709000A184C /* Request.swift in Sources */,
				72CF38F322106709000A184C /* Int+Extension.swift in Sources */,
				72CF38F522106709000A184C /* URLSession+Extension.swift in Sources */,
				72CF38D2221066A3000A184C /* ModelDecoder.swift in Sources */,
				72CF38F222106709000A184C /* MainTableViewCell.swift in Sources */,
				72CF38F622106709000A184C /* String+Extension.swift in Sources */,
				72CF38A2220DC512000A184C /* AppDelegate.swift in Sources */,
			);
			runOnlyForDeploymentPostprocessing = 0;
		};
		72CF38AE220DC513000A184C /* Sources */ = {
			isa = PBXSourcesBuildPhase;
			buildActionMask = 2147483647;
			files = (
				72CF38B7220DC513000A184C /* MVVMTests.swift in Sources */,
			);
			runOnlyForDeploymentPostprocessing = 0;
		};
		72CF38B9220DC514000A184C /* Sources */ = {
			isa = PBXSourcesBuildPhase;
			buildActionMask = 2147483647;
			files = (
				72CF38C2220DC514000A184C /* MVVMUITests.swift in Sources */,
			);
			runOnlyForDeploymentPostprocessing = 0;
		};
/* End PBXSourcesBuildPhase section */

/* Begin PBXTargetDependency section */
		72CF38B4220DC513000A184C /* PBXTargetDependency */ = {
			isa = PBXTargetDependency;
			target = 72CF389D220DC512000A184C /* MVVM */;
			targetProxy = 72CF38B3220DC513000A184C /* PBXContainerItemProxy */;
		};
		72CF38BF220DC514000A184C /* PBXTargetDependency */ = {
			isa = PBXTargetDependency;
			target = 72CF389D220DC512000A184C /* MVVM */;
			targetProxy = 72CF38BE220DC514000A184C /* PBXContainerItemProxy */;
		};
/* End PBXTargetDependency section */

/* Begin PBXVariantGroup section */
		72CF38A5220DC512000A184C /* Main.storyboard */ = {
			isa = PBXVariantGroup;
			children = (
				72CF38A6220DC512000A184C /* Base */,
			);
			name = Main.storyboard;
			sourceTree = "<group>";
		};
		72CF38AA220DC513000A184C /* LaunchScreen.storyboard */ = {
			isa = PBXVariantGroup;
			children = (
				72CF38AB220DC513000A184C /* Base */,
			);
			name = LaunchScreen.storyboard;
			sourceTree = "<group>";
		};
/* End PBXVariantGroup section */

/* Begin XCBuildConfiguration section */
		72CF38C4220DC514000A184C /* Debug */ = {
			isa = XCBuildConfiguration;
			buildSettings = {
				ALWAYS_SEARCH_USER_PATHS = NO;
				CLANG_ANALYZER_NONNULL = YES;
				CLANG_ANALYZER_NUMBER_OBJECT_CONVERSION = YES_AGGRESSIVE;
				CLANG_CXX_LANGUAGE_STANDARD = "gnu++14";
				CLANG_CXX_LIBRARY = "libc++";
				CLANG_ENABLE_MODULES = YES;
				CLANG_ENABLE_OBJC_ARC = YES;
				CLANG_ENABLE_OBJC_WEAK = YES;
				CLANG_WARN_BLOCK_CAPTURE_AUTORELEASING = YES;
				CLANG_WARN_BOOL_CONVERSION = YES;
				CLANG_WARN_COMMA = YES;
				CLANG_WARN_CONSTANT_CONVERSION = YES;
				CLANG_WARN_DEPRECATED_OBJC_IMPLEMENTATIONS = YES;
				CLANG_WARN_DIRECT_OBJC_ISA_USAGE = YES_ERROR;
				CLANG_WARN_DOCUMENTATION_COMMENTS = YES;
				CLANG_WARN_EMPTY_BODY = YES;
				CLANG_WARN_ENUM_CONVERSION = YES;
				CLANG_WARN_INFINITE_RECURSION = YES;
				CLANG_WARN_INT_CONVERSION = YES;
				CLANG_WARN_NON_LITERAL_NULL_CONVERSION = YES;
				CLANG_WARN_OBJC_IMPLICIT_RETAIN_SELF = YES;
				CLANG_WARN_OBJC_LITERAL_CONVERSION = YES;
				CLANG_WARN_OBJC_ROOT_CLASS = YES_ERROR;
				CLANG_WARN_RANGE_LOOP_ANALYSIS = YES;
				CLANG_WARN_STRICT_PROTOTYPES = YES;
				CLANG_WARN_SUSPICIOUS_MOVE = YES;
				CLANG_WARN_UNGUARDED_AVAILABILITY = YES_AGGRESSIVE;
				CLANG_WARN_UNREACHABLE_CODE = YES;
				CLANG_WARN__DUPLICATE_METHOD_MATCH = YES;
				CODE_SIGN_IDENTITY = "iPhone Developer";
				COPY_PHASE_STRIP = NO;
				DEBUG_INFORMATION_FORMAT = dwarf;
				ENABLE_STRICT_OBJC_MSGSEND = YES;
				ENABLE_TESTABILITY = YES;
				GCC_C_LANGUAGE_STANDARD = gnu11;
				GCC_DYNAMIC_NO_PIC = NO;
				GCC_NO_COMMON_BLOCKS = YES;
				GCC_OPTIMIZATION_LEVEL = 0;
				GCC_PREPROCESSOR_DEFINITIONS = (
					"DEBUG=1",
					"$(inherited)",
				);
				GCC_WARN_64_TO_32_BIT_CONVERSION = YES;
				GCC_WARN_ABOUT_RETURN_TYPE = YES_ERROR;
				GCC_WARN_UNDECLARED_SELECTOR = YES;
				GCC_WARN_UNINITIALIZED_AUTOS = YES_AGGRESSIVE;
				GCC_WARN_UNUSED_FUNCTION = YES;
				GCC_WARN_UNUSED_VARIABLE = YES;
				IPHONEOS_DEPLOYMENT_TARGET = 12.1;
				MTL_ENABLE_DEBUG_INFO = INCLUDE_SOURCE;
				MTL_FAST_MATH = YES;
				ONLY_ACTIVE_ARCH = YES;
				SDKROOT = iphoneos;
				SWIFT_ACTIVE_COMPILATION_CONDITIONS = DEBUG;
				SWIFT_OPTIMIZATION_LEVEL = "-Onone";
			};
			name = Debug;
		};
		72CF38C5220DC514000A184C /* Release */ = {
			isa = XCBuildConfiguration;
			buildSettings = {
				ALWAYS_SEARCH_USER_PATHS = NO;
				CLANG_ANALYZER_NONNULL = YES;
				CLANG_ANALYZER_NUMBER_OBJECT_CONVERSION = YES_AGGRESSIVE;
				CLANG_CXX_LANGUAGE_STANDARD = "gnu++14";
				CLANG_CXX_LIBRARY = "libc++";
				CLANG_ENABLE_MODULES = YES;
				CLANG_ENABLE_OBJC_ARC = YES;
				CLANG_ENABLE_OBJC_WEAK = YES;
				CLANG_WARN_BLOCK_CAPTURE_AUTORELEASING = YES;
				CLANG_WARN_BOOL_CONVERSION = YES;
				CLANG_WARN_COMMA = YES;
				CLANG_WARN_CONSTANT_CONVERSION = YES;
				CLANG_WARN_DEPRECATED_OBJC_IMPLEMENTATIONS = YES;
				CLANG_WARN_DIRECT_OBJC_ISA_USAGE = YES_ERROR;
				CLANG_WARN_DOCUMENTATION_COMMENTS = YES;
				CLANG_WARN_EMPTY_BODY = YES;
				CLANG_WARN_ENUM_CONVERSION = YES;
				CLANG_WARN_INFINITE_RECURSION = YES;
				CLANG_WARN_INT_CONVERSION = YES;
				CLANG_WARN_NON_LITERAL_NULL_CONVERSION = YES;
				CLANG_WARN_OBJC_IMPLICIT_RETAIN_SELF = YES;
				CLANG_WARN_OBJC_LITERAL_CONVERSION = YES;
				CLANG_WARN_OBJC_ROOT_CLASS = YES_ERROR;
				CLANG_WARN_RANGE_LOOP_ANALYSIS = YES;
				CLANG_WARN_STRICT_PROTOTYPES = YES;
				CLANG_WARN_SUSPICIOUS_MOVE = YES;
				CLANG_WARN_UNGUARDED_AVAILABILITY = YES_AGGRESSIVE;
				CLANG_WARN_UNREACHABLE_CODE = YES;
				CLANG_WARN__DUPLICATE_METHOD_MATCH = YES;
				CODE_SIGN_IDENTITY = "iPhone Developer";
				COPY_PHASE_STRIP = NO;
				DEBUG_INFORMATION_FORMAT = "dwarf-with-dsym";
				ENABLE_NS_ASSERTIONS = NO;
				ENABLE_STRICT_OBJC_MSGSEND = YES;
				GCC_C_LANGUAGE_STANDARD = gnu11;
				GCC_NO_COMMON_BLOCKS = YES;
				GCC_WARN_64_TO_32_BIT_CONVERSION = YES;
				GCC_WARN_ABOUT_RETURN_TYPE = YES_ERROR;
				GCC_WARN_UNDECLARED_SELECTOR = YES;
				GCC_WARN_UNINITIALIZED_AUTOS = YES_AGGRESSIVE;
				GCC_WARN_UNUSED_FUNCTION = YES;
				GCC_WARN_UNUSED_VARIABLE = YES;
				IPHONEOS_DEPLOYMENT_TARGET = 12.1;
				MTL_ENABLE_DEBUG_INFO = NO;
				MTL_FAST_MATH = YES;
				SDKROOT = iphoneos;
				SWIFT_COMPILATION_MODE = wholemodule;
				SWIFT_OPTIMIZATION_LEVEL = "-O";
				VALIDATE_PRODUCT = YES;
			};
			name = Release;
		};
		72CF38C7220DC514000A184C /* Debug */ = {
			isa = XCBuildConfiguration;
			buildSettings = {
				ASSETCATALOG_COMPILER_APPICON_NAME = AppIcon;
				CODE_SIGN_STYLE = Automatic;
				DEVELOPMENT_TEAM = 7DU6PDNRU2;
				INFOPLIST_FILE = MVVM/Info.plist;
				LD_RUNPATH_SEARCH_PATHS = (
					"$(inherited)",
					"@executable_path/Frameworks",
				);
				PRODUCT_BUNDLE_IDENTIFIER = com.netcomet.MVVM;
				PRODUCT_NAME = "$(TARGET_NAME)";
				SWIFT_VERSION = 4.2;
				TARGETED_DEVICE_FAMILY = "1,2";
			};
			name = Debug;
		};
		72CF38C8220DC514000A184C /* Release */ = {
			isa = XCBuildConfiguration;
			buildSettings = {
				ASSETCATALOG_COMPILER_APPICON_NAME = AppIcon;
				CODE_SIGN_STYLE = Automatic;
				DEVELOPMENT_TEAM = 7DU6PDNRU2;
				INFOPLIST_FILE = MVVM/Info.plist;
				LD_RUNPATH_SEARCH_PATHS = (
					"$(inherited)",
					"@executable_path/Frameworks",
				);
				PRODUCT_BUNDLE_IDENTIFIER = com.netcomet.MVVM;
				PRODUCT_NAME = "$(TARGET_NAME)";
				SWIFT_VERSION = 4.2;
				TARGETED_DEVICE_FAMILY = "1,2";
			};
			name = Release;
		};
		72CF38CA220DC514000A184C /* Debug */ = {
			isa = XCBuildConfiguration;
			buildSettings = {
				ALWAYS_EMBED_SWIFT_STANDARD_LIBRARIES = YES;
				BUNDLE_LOADER = "$(TEST_HOST)";
				CODE_SIGN_STYLE = Automatic;
				DEVELOPMENT_TEAM = 7DU6PDNRU2;
				INFOPLIST_FILE = MVVMTests/Info.plist;
				LD_RUNPATH_SEARCH_PATHS = (
					"$(inherited)",
					"@executable_path/Frameworks",
					"@loader_path/Frameworks",
				);
				PRODUCT_BUNDLE_IDENTIFIER = com.netcomet.MVVMTests;
				PRODUCT_NAME = "$(TARGET_NAME)";
				SWIFT_VERSION = 4.2;
				TARGETED_DEVICE_FAMILY = "1,2";
				TEST_HOST = "$(BUILT_PRODUCTS_DIR)/MVVM.app/MVVM";
			};
			name = Debug;
		};
		72CF38CB220DC514000A184C /* Release */ = {
			isa = XCBuildConfiguration;
			buildSettings = {
				ALWAYS_EMBED_SWIFT_STANDARD_LIBRARIES = YES;
				BUNDLE_LOADER = "$(TEST_HOST)";
				CODE_SIGN_STYLE = Automatic;
				DEVELOPMENT_TEAM = 7DU6PDNRU2;
				INFOPLIST_FILE = MVVMTests/Info.plist;
				LD_RUNPATH_SEARCH_PATHS = (
					"$(inherited)",
					"@executable_path/Frameworks",
					"@loader_path/Frameworks",
				);
				PRODUCT_BUNDLE_IDENTIFIER = com.netcomet.MVVMTests;
				PRODUCT_NAME = "$(TARGET_NAME)";
				SWIFT_VERSION = 4.2;
				TARGETED_DEVICE_FAMILY = "1,2";
				TEST_HOST = "$(BUILT_PRODUCTS_DIR)/MVVM.app/MVVM";
			};
			name = Release;
		};
		72CF38CD220DC514000A184C /* Debug */ = {
			isa = XCBuildConfiguration;
			buildSettings = {
				ALWAYS_EMBED_SWIFT_STANDARD_LIBRARIES = YES;
				CODE_SIGN_STYLE = Automatic;
				DEVELOPMENT_TEAM = 7DU6PDNRU2;
				INFOPLIST_FILE = MVVMUITests/Info.plist;
				LD_RUNPATH_SEARCH_PATHS = (
					"$(inherited)",
					"@executable_path/Frameworks",
					"@loader_path/Frameworks",
				);
				PRODUCT_BUNDLE_IDENTIFIER = com.netcomet.MVVMUITests;
				PRODUCT_NAME = "$(TARGET_NAME)";
				SWIFT_VERSION = 4.2;
				TARGETED_DEVICE_FAMILY = "1,2";
				TEST_TARGET_NAME = MVVM;
			};
			name = Debug;
		};
		72CF38CE220DC514000A184C /* Release */ = {
			isa = XCBuildConfiguration;
			buildSettings = {
				ALWAYS_EMBED_SWIFT_STANDARD_LIBRARIES = YES;
				CODE_SIGN_STYLE = Automatic;
				DEVELOPMENT_TEAM = 7DU6PDNRU2;
				INFOPLIST_FILE = MVVMUITests/Info.plist;
				LD_RUNPATH_SEARCH_PATHS = (
					"$(inherited)",
					"@executable_path/Frameworks",
					"@loader_path/Frameworks",
				);
				PRODUCT_BUNDLE_IDENTIFIER = com.netcomet.MVVMUITests;
				PRODUCT_NAME = "$(TARGET_NAME)";
				SWIFT_VERSION = 4.2;
				TARGETED_DEVICE_FAMILY = "1,2";
				TEST_TARGET_NAME = MVVM;
			};
			name = Release;
		};
/* End XCBuildConfiguration section */

/* Begin XCConfigurationList section */
		72CF3899220DC512000A184C /* Build configuration list for PBXProject "MVVM" */ = {
			isa = XCConfigurationList;
			buildConfigurations = (
				72CF38C4220DC514000A184C /* Debug */,
				72CF38C5220DC514000A184C /* Release */,
			);
			defaultConfigurationIsVisible = 0;
			defaultConfigurationName = Release;
		};
		72CF38C6220DC514000A184C /* Build configuration list for PBXNativeTarget "MVVM" */ = {
			isa = XCConfigurationList;
			buildConfigurations = (
				72CF38C7220DC514000A184C /* Debug */,
				72CF38C8220DC514000A184C /* Release */,
			);
			defaultConfigurationIsVisible = 0;
			defaultConfigurationName = Release;
		};
		72CF38C9220DC514000A184C /* Build configuration list for PBXNativeTarget "MVVMTests" */ = {
			isa = XCConfigurationList;
			buildConfigurations = (
				72CF38CA220DC514000A184C /* Debug */,
				72CF38CB220DC514000A184C /* Release */,
			);
			defaultConfigurationIsVisible = 0;
			defaultConfigurationName = Release;
		};
		72CF38CC220DC514000A184C /* Build configuration list for PBXNativeTarget "MVVMUITests" */ = {
			isa = XCConfigurationList;
			buildConfigurations = (
				72CF38CD220DC514000A184C /* Debug */,
				72CF38CE220DC514000A184C /* Release */,
			);
			defaultConfigurationIsVisible = 0;
			defaultConfigurationName = Release;
		};
/* End XCConfigurationList section */
	};
	rootObject = 72CF3896220DC512000A184C /* Project object */;
}
