// !$*UTF8*$!
{
	archiveVersion = 1;
	classes = {
	};
	objectVersion = 50;
	objects = {

/* Begin PBXBuildFile section */
		7254AC8621EF7B2300CD3708 /* UIView+Extension.swift in Sources */ = {isa = PBXBuildFile; fileRef = 7254AC8521EF7B2300CD3708 /* UIView+Extension.swift */; };
		7254AC8921EF862200CD3708 /* Search.swift in Sources */ = {isa = PBXBuildFile; fileRef = 7254AC8821EF862200CD3708 /* Search.swift */; };
		7254AC8D21EF8F8300CD3708 /* MainTableViewCell.swift in Sources */ = {isa = PBXBuildFile; fileRef = 7254AC8C21EF8F8300CD3708 /* MainTableViewCell.swift */; };
		7254AC8F21F0DB6C00CD3708 /* URLSession+Extension.swift in Sources */ = {isa = PBXBuildFile; fileRef = 7254AC8E21F0DB6C00CD3708 /* URLSession+Extension.swift */; };
		7254AC9321F2B9FA00CD3708 /* Int+Extension.swift in Sources */ = {isa = PBXBuildFile; fileRef = 7254AC9221F2B9FA00CD3708 /* Int+Extension.swift */; };
		7254AC9521F2C4E600CD3708 /* String+Extension.swift in Sources */ = {isa = PBXBuildFile; fileRef = 7254AC9421F2C4E600CD3708 /* String+Extension.swift */; };
		7254AC9721F3227600CD3708 /* ModelDecoder.swift in Sources */ = {isa = PBXBuildFile; fileRef = 7254AC9621F3227600CD3708 /* ModelDecoder.swift */; };
		727C9CD921E79FFC0096935A /* AppDelegate.swift in Sources */ = {isa = PBXBuildFile; fileRef = 727C9CD821E79FFC0096935A /* AppDelegate.swift */; };
		727C9CDB21E79FFC0096935A /* MainController.swift in Sources */ = {isa = PBXBuildFile; fileRef = 727C9CDA21E79FFC0096935A /* MainController.swift */; };
		727C9CDE21E79FFC0096935A /* Main.storyboard in Resources */ = {isa = PBXBuildFile; fileRef = 727C9CDC21E79FFC0096935A /* Main.storyboard */; };
		727C9CE021E79FFC0096935A /* Assets.xcassets in Resources */ = {isa = PBXBuildFile; fileRef = 727C9CDF21E79FFC0096935A /* Assets.xcassets */; };
		727C9CE321E79FFC0096935A /* LaunchScreen.storyboard in Resources */ = {isa = PBXBuildFile; fileRef = 727C9CE121E79FFC0096935A /* LaunchScreen.storyboard */; };
		727C9CEE21E79FFC0096935A /* MVCTests.swift in Sources */ = {isa = PBXBuildFile; fileRef = 727C9CED21E79FFC0096935A /* MVCTests.swift */; };
		727C9CF921E79FFD0096935A /* MVCUITests.swift in Sources */ = {isa = PBXBuildFile; fileRef = 727C9CF821E79FFD0096935A /* MVCUITests.swift */; };
		72F957E221F32C5D0070E8E3 /* Request.swift in Sources */ = {isa = PBXBuildFile; fileRef = 72F957E121F32C5D0070E8E3 /* Request.swift */; };
/* End PBXBuildFile section */

/* Begin PBXContainerItemProxy section */
		727C9CEA21E79FFC0096935A /* PBXContainerItemProxy */ = {
			isa = PBXContainerItemProxy;
			containerPortal = 727C9CCD21E79FFC0096935A /* Project object */;
			proxyType = 1;
			remoteGlobalIDString = 727C9CD421E79FFC0096935A;
			remoteInfo = MVC;
		};
		727C9CF521E79FFD0096935A /* PBXContainerItemProxy */ = {
			isa = PBXContainerItemProxy;
			containerPortal = 727C9CCD21E79FFC0096935A /* Project object */;
			proxyType = 1;
			remoteGlobalIDString = 727C9CD421E79FFC0096935A;
			remoteInfo = MVC;
		};
/* End PBXContainerItemProxy section */

/* Begin PBXFileReference section */
		7254AC8521EF7B2300CD3708 /* UIView+Extension.swift */ = {isa = PBXFileReference; lastKnownFileType = sourcecode.swift; path = "UIView+Extension.swift"; sourceTree = "<group>"; };
		7254AC8821EF862200CD3708 /* Search.swift */ = {isa = PBXFileReference; lastKnownFileType = sourcecode.swift; path = Search.swift; sourceTree = "<group>"; };
		7254AC8C21EF8F8300CD3708 /* MainTableViewCell.swift */ = {isa = PBXFileReference; lastKnownFileType = sourcecode.swift; path = MainTableViewCell.swift; sourceTree = "<group>"; };
		7254AC8E21F0DB6C00CD3708 /* URLSession+Extension.swift */ = {isa = PBXFileReference; lastKnownFileType = sourcecode.swift; path = "URLSession+Extension.swift"; sourceTree = "<group>"; };
		7254AC9221F2B9FA00CD3708 /* Int+Extension.swift */ = {isa = PBXFileReference; lastKnownFileType = sourcecode.swift; path = "Int+Extension.swift"; sourceTree = "<group>"; };
		7254AC9421F2C4E600CD3708 /* String+Extension.swift */ = {isa = PBXFileReference; lastKnownFileType = sourcecode.swift; path = "String+Extension.swift"; sourceTree = "<group>"; };
		7254AC9621F3227600CD3708 /* ModelDecoder.swift */ = {isa = PBXFileReference; lastKnownFileType = sourcecode.swift; path = ModelDecoder.swift; sourceTree = "<group>"; };
		727C9CD521E79FFC0096935A /* MVC.app */ = {isa = PBXFileReference; explicitFileType = wrapper.application; includeInIndex = 0; path = MVC.app; sourceTree = BUILT_PRODUCTS_DIR; };
		727C9CD821E79FFC0096935A /* AppDelegate.swift */ = {isa = PBXFileReference; lastKnownFileType = sourcecode.swift; path = AppDelegate.swift; sourceTree = "<group>"; };
		727C9CDA21E79FFC0096935A /* MainController.swift */ = {isa = PBXFileReference; lastKnownFileType = sourcecode.swift; path = MainController.swift; sourceTree = "<group>"; };
		727C9CDD21E79FFC0096935A /* Base */ = {isa = PBXFileReference; lastKnownFileType = file.storyboard; name = Base; path = Base.lproj/Main.storyboard; sourceTree = "<group>"; };
		727C9CDF21E79FFC0096935A /* Assets.xcassets */ = {isa = PBXFileReference; lastKnownFileType = folder.assetcatalog; path = Assets.xcassets; sourceTree = "<group>"; };
		727C9CE221E79FFC0096935A /* Base */ = {isa = PBXFileReference; lastKnownFileType = file.storyboard; name = Base; path = Base.lproj/LaunchScreen.storyboard; sourceTree = "<group>"; };
		727C9CE421E79FFC0096935A /* Info.plist */ = {isa = PBXFileReference; lastKnownFileType = text.plist.xml; path = Info.plist; sourceTree = "<group>"; };
		727C9CE921E79FFC0096935A /* MVCTests.xctest */ = {isa = PBXFileReference; explicitFileType = wrapper.cfbundle; includeInIndex = 0; path = MVCTests.xctest; sourceTree = BUILT_PRODUCTS_DIR; };
		727C9CED21E79FFC0096935A /* MVCTests.swift */ = {isa = PBXFileReference; lastKnownFileType = sourcecode.swift; path = MVCTests.swift; sourceTree = "<group>"; };
		727C9CEF21E79FFC0096935A /* Info.plist */ = {isa = PBXFileReference; lastKnownFileType = text.plist.xml; path = Info.plist; sourceTree = "<group>"; };
		727C9CF421E79FFD0096935A /* MVCUITests.xctest */ = {isa = PBXFileReference; explicitFileType = wrapper.cfbundle; includeInIndex = 0; path = MVCUITests.xctest; sourceTree = BUILT_PRODUCTS_DIR; };
		727C9CF821E79FFD0096935A /* MVCUITests.swift */ = {isa = PBXFileReference; lastKnownFileType = sourcecode.swift; path = MVCUITests.swift; sourceTree = "<group>"; };
		727C9CFA21E79FFD0096935A /* Info.plist */ = {isa = PBXFileReference; lastKnownFileType = text.plist.xml; path = Info.plist; sourceTree = "<group>"; };
		72F957E121F32C5D0070E8E3 /* Request.swift */ = {isa = PBXFileReference; lastKnownFileType = sourcecode.swift; path = Request.swift; sourceTree = "<group>"; };
/* End PBXFileReference section */

/* Begin PBXFrameworksBuildPhase section */
		727C9CD221E79FFC0096935A /* Frameworks */ = {
			isa = PBXFrameworksBuildPhase;
			buildActionMask = 2147483647;
			files = (
			);
			runOnlyForDeploymentPostprocessing = 0;
		};
		727C9CE621E79FFC0096935A /* Frameworks */ = {
			isa = PBXFrameworksBuildPhase;
			buildActionMask = 2147483647;
			files = (
			);
			runOnlyForDeploymentPostprocessing = 0;
		};
		727C9CF121E79FFD0096935A /* Frameworks */ = {
			isa = PBXFrameworksBuildPhase;
			buildActionMask = 2147483647;
			files = (
			);
			runOnlyForDeploymentPostprocessing = 0;
		};
/* End PBXFrameworksBuildPhase section */

/* Begin PBXGroup section */
		7254AC8421EF7B0300CD3708 /* Extension */ = {
			isa = PBXGroup;
			children = (
				7254AC8521EF7B2300CD3708 /* UIView+Extension.swift */,
				7254AC8E21F0DB6C00CD3708 /* URLSession+Extension.swift */,
				7254AC9221F2B9FA00CD3708 /* Int+Extension.swift */,
				7254AC9421F2C4E600CD3708 /* String+Extension.swift */,
			);
			path = Extension;
			sourceTree = "<group>";
		};
		7254AC8721EF861200CD3708 /* Model */ = {
			isa = PBXGroup;
			children = (
				7254AC9621F3227600CD3708 /* ModelDecoder.swift */,
				7254AC8821EF862200CD3708 /* Search.swift */,
			);
			path = Model;
			sourceTree = "<group>";
		};
		7254AC8A21EF8B8500CD3708 /* Controller */ = {
			isa = PBXGroup;
			children = (
				727C9CDA21E79FFC0096935A /* MainController.swift */,
			);
			path = Controller;
			sourceTree = "<group>";
		};
		7254AC8B21EF8B9400CD3708 /* View */ = {
			isa = PBXGroup;
			children = (
				7254AC8C21EF8F8300CD3708 /* MainTableViewCell.swift */,
			);
			path = View;
			sourceTree = "<group>";
		};
		727C9CCC21E79FFC0096935A = {
			isa = PBXGroup;
			children = (
				727C9CD721E79FFC0096935A /* MVC */,
				727C9CEC21E79FFC0096935A /* MVCTests */,
				727C9CF721E79FFD0096935A /* MVCUITests */,
				727C9CD621E79FFC0096935A /* Products */,
			);
			sourceTree = "<group>";
		};
		727C9CD621E79FFC0096935A /* Products */ = {
			isa = PBXGroup;
			children = (
				727C9CD521E79FFC0096935A /* MVC.app */,
				727C9CE921E79FFC0096935A /* MVCTests.xctest */,
				727C9CF421E79FFD0096935A /* MVCUITests.xctest */,
			);
			name = Products;
			sourceTree = "<group>";
		};
		727C9CD721E79FFC0096935A /* MVC */ = {
			isa = PBXGroup;
			children = (
				7254AC8721EF861200CD3708 /* Model */,
				7254AC8B21EF8B9400CD3708 /* View */,
				7254AC8A21EF8B8500CD3708 /* Controller */,
				72F957E021F32C4D0070E8E3 /* Util */,
				7254AC8421EF7B0300CD3708 /* Extension */,
				727C9CD821E79FFC0096935A /* AppDelegate.swift */,
				727C9CDC21E79FFC0096935A /* Main.storyboard */,
				727C9CDF21E79FFC0096935A /* Assets.xcassets */,
				727C9CE121E79FFC0096935A /* LaunchScreen.storyboard */,
				727C9CE421E79FFC0096935A /* Info.plist */,
			);
			path = MVC;
			sourceTree = "<group>";
		};
		727C9CEC21E79FFC0096935A /* MVCTests */ = {
			isa = PBXGroup;
			children = (
				727C9CED21E79FFC0096935A /* MVCTests.swift */,
				727C9CEF21E79FFC0096935A /* Info.plist */,
			);
			path = MVCTests;
			sourceTree = "<group>";
		};
		727C9CF721E79FFD0096935A /* MVCUITests */ = {
			isa = PBXGroup;
			children = (
				727C9CF821E79FFD0096935A /* MVCUITests.swift */,
				727C9CFA21E79FFD0096935A /* Info.plist */,
			);
			path = MVCUITests;
			sourceTree = "<group>";
		};
		72F957E021F32C4D0070E8E3 /* Util */ = {
			isa = PBXGroup;
			children = (
				72F957E121F32C5D0070E8E3 /* Request.swift */,
			);
			path = Util;
			sourceTree = "<group>";
		};
/* End PBXGroup section */

/* Begin PBXNativeTarget section */
		727C9CD421E79FFC0096935A /* MVC */ = {
			isa = PBXNativeTarget;
			buildConfigurationList = 727C9CFD21E79FFD0096935A /* Build configuration list for PBXNativeTarget "MVC" */;
			buildPhases = (
				727C9CD121E79FFC0096935A /* Sources */,
				727C9CD221E79FFC0096935A /* Frameworks */,
				727C9CD321E79FFC0096935A /* Resources */,
			);
			buildRules = (
			);
			dependencies = (
			);
			name = MVC;
			productName = MVC;
			productReference = 727C9CD521E79FFC0096935A /* MVC.app */;
			productType = "com.apple.product-type.application";
		};
		727C9CE821E79FFC0096935A /* MVCTests */ = {
			isa = PBXNativeTarget;
			buildConfigurationList = 727C9D0021E79FFD0096935A /* Build configuration list for PBXNativeTarget "MVCTests" */;
			buildPhases = (
				727C9CE521E79FFC0096935A /* Sources */,
				727C9CE621E79FFC0096935A /* Frameworks */,
				727C9CE721E79FFC0096935A /* Resources */,
			);
			buildRules = (
			);
			dependencies = (
				727C9CEB21E79FFC0096935A /* PBXTargetDependency */,
			);
			name = MVCTests;
			productName = MVCTests;
			productReference = 727C9CE921E79FFC0096935A /* MVCTests.xctest */;
			productType = "com.apple.product-type.bundle.unit-test";
		};
		727C9CF321E79FFD0096935A /* MVCUITests */ = {
			isa = PBXNativeTarget;
			buildConfigurationList = 727C9D0321E79FFD0096935A /* Build configuration list for PBXNativeTarget "MVCUITests" */;
			buildPhases = (
				727C9CF021E79FFD0096935A /* Sources */,
				727C9CF121E79FFD0096935A /* Frameworks */,
				727C9CF221E79FFD0096935A /* Resources */,
			);
			buildRules = (
			);
			dependencies = (
				727C9CF621E79FFD0096935A /* PBXTargetDependency */,
			);
			name = MVCUITests;
			productName = MVCUITests;
			productReference = 727C9CF421E79FFD0096935A /* MVCUITests.xctest */;
			productType = "com.apple.product-type.bundle.ui-testing";
		};
/* End PBXNativeTarget section */

/* Begin PBXProject section */
		727C9CCD21E79FFC0096935A /* Project object */ = {
			isa = PBXProject;
			attributes = {
				LastSwiftUpdateCheck = 1010;
				LastUpgradeCheck = 1010;
				ORGANIZATIONNAME = hy_sean;
				TargetAttributes = {
					727C9CD421E79FFC0096935A = {
						CreatedOnToolsVersion = 10.1;
					};
					727C9CE821E79FFC0096935A = {
						CreatedOnToolsVersion = 10.1;
						TestTargetID = 727C9CD421E79FFC0096935A;
					};
					727C9CF321E79FFD0096935A = {
						CreatedOnToolsVersion = 10.1;
						TestTargetID = 727C9CD421E79FFC0096935A;
					};
				};
			};
			buildConfigurationList = 727C9CD021E79FFC0096935A /* Build configuration list for PBXProject "MVC" */;
			compatibilityVersion = "Xcode 9.3";
			developmentRegion = en;
			hasScannedForEncodings = 0;
			knownRegions = (
				en,
				Base,
			);
			mainGroup = 727C9CCC21E79FFC0096935A;
			productRefGroup = 727C9CD621E79FFC0096935A /* Products */;
			projectDirPath = "";
			projectRoot = "";
			targets = (
				727C9CD421E79FFC0096935A /* MVC */,
				727C9CE821E79FFC0096935A /* MVCTests */,
				727C9CF321E79FFD0096935A /* MVCUITests */,
			);
		};
/* End PBXProject section */

/* Begin PBXResourcesBuildPhase section */
		727C9CD321E79FFC0096935A /* Resources */ = {
			isa = PBXResourcesBuildPhase;
			buildActionMask = 2147483647;
			files = (
				727C9CE321E79FFC0096935A /* LaunchScreen.storyboard in Resources */,
				727C9CE021E79FFC0096935A /* Assets.xcassets in Resources */,
				727C9CDE21E79FFC0096935A /* Main.storyboard in Resources */,
			);
			runOnlyForDeploymentPostprocessing = 0;
		};
		727C9CE721E79FFC0096935A /* Resources */ = {
			isa = PBXResourcesBuildPhase;
			buildActionMask = 2147483647;
			files = (
			);
			runOnlyForDeploymentPostprocessing = 0;
		};
		727C9CF221E79FFD0096935A /* Resources */ = {
			isa = PBXResourcesBuildPhase;
			buildActionMask = 2147483647;
			files = (
			);
			runOnlyForDeploymentPostprocessing = 0;
		};
/* End PBXResourcesBuildPhase section */

/* Begin PBXSourcesBuildPhase section */
		727C9CD121E79FFC0096935A /* Sources */ = {
			isa = PBXSourcesBuildPhase;
			buildActionMask = 2147483647;
			files = (
				7254AC9721F3227600CD3708 /* ModelDecoder.swift in Sources */,
				7254AC9521F2C4E600CD3708 /* String+Extension.swift in Sources */,
				7254AC8621EF7B2300CD3708 /* UIView+Extension.swift in Sources */,
				7254AC8921EF862200CD3708 /* Search.swift in Sources */,
				7254AC8F21F0DB6C00CD3708 /* URLSession+Extension.swift in Sources */,
				7254AC9321F2B9FA00CD3708 /* Int+Extension.swift in Sources */,
				727C9CDB21E79FFC0096935A /* MainController.swift in Sources */,
				72F957E221F32C5D0070E8E3 /* Request.swift in Sources */,
				727C9CD921E79FFC0096935A /* AppDelegate.swift in Sources */,
				7254AC8D21EF8F8300CD3708 /* MainTableViewCell.swift in Sources */,
			);
			runOnlyForDeploymentPostprocessing = 0;
		};
		727C9CE521E79FFC0096935A /* Sources */ = {
			isa = PBXSourcesBuildPhase;
			buildActionMask = 2147483647;
			files = (
				727C9CEE21E79FFC0096935A /* MVCTests.swift in Sources */,
			);
			runOnlyForDeploymentPostprocessing = 0;
		};
		727C9CF021E79FFD0096935A /* Sources */ = {
			isa = PBXSourcesBuildPhase;
			buildActionMask = 2147483647;
			files = (
				727C9CF921E79FFD0096935A /* MVCUITests.swift in Sources */,
			);
			runOnlyForDeploymentPostprocessing = 0;
		};
/* End PBXSourcesBuildPhase section */

/* Begin PBXTargetDependency section */
		727C9CEB21E79FFC0096935A /* PBXTargetDependency */ = {
			isa = PBXTargetDependency;
			target = 727C9CD421E79FFC0096935A /* MVC */;
			targetProxy = 727C9CEA21E79FFC0096935A /* PBXContainerItemProxy */;
		};
		727C9CF621E79FFD0096935A /* PBXTargetDependency */ = {
			isa = PBXTargetDependency;
			target = 727C9CD421E79FFC0096935A /* MVC */;
			targetProxy = 727C9CF521E79FFD0096935A /* PBXContainerItemProxy */;
		};
/* End PBXTargetDependency section */

/* Begin PBXVariantGroup section */
		727C9CDC21E79FFC0096935A /* Main.storyboard */ = {
			isa = PBXVariantGroup;
			children = (
				727C9CDD21E79FFC0096935A /* Base */,
			);
			name = Main.storyboard;
			sourceTree = "<group>";
		};
		727C9CE121E79FFC0096935A /* LaunchScreen.storyboard */ = {
			isa = PBXVariantGroup;
			children = (
				727C9CE221E79FFC0096935A /* Base */,
			);
			name = LaunchScreen.storyboard;
			sourceTree = "<group>";
		};
/* End PBXVariantGroup section */

/* Begin XCBuildConfiguration section */
		727C9CFB21E79FFD0096935A /* Debug */ = {
			isa = XCBuildConfiguration;
			buildSettings = {
				ALWAYS_SEARCH_USER_PATHS = NO;
				CLANG_ANALYZER_NONNULL = YES;
				CLANG_ANALYZER_NUMBER_OBJECT_CONVERSION = YES_AGGRESSIVE;
				CLANG_CXX_LANGUAGE_STANDARD = "gnu++14";
				CLANG_CXX_LIBRARY = "libc++";
				CLANG_ENABLE_MODULES = YES;
				CLANG_ENABLE_OBJC_ARC = YES;
				CLANG_ENABLE_OBJC_WEAK = YES;
				CLANG_WARN_BLOCK_CAPTURE_AUTORELEASING = YES;
				CLANG_WARN_BOOL_CONVERSION = YES;
				CLANG_WARN_COMMA = YES;
				CLANG_WARN_CONSTANT_CONVERSION = YES;
				CLANG_WARN_DEPRECATED_OBJC_IMPLEMENTATIONS = YES;
				CLANG_WARN_DIRECT_OBJC_ISA_USAGE = YES_ERROR;
				CLANG_WARN_DOCUMENTATION_COMMENTS = YES;
				CLANG_WARN_EMPTY_BODY = YES;
				CLANG_WARN_ENUM_CONVERSION = YES;
				CLANG_WARN_INFINITE_RECURSION = YES;
				CLANG_WARN_INT_CONVERSION = YES;
				CLANG_WARN_NON_LITERAL_NULL_CONVERSION = YES;
				CLANG_WARN_OBJC_IMPLICIT_RETAIN_SELF = YES;
				CLANG_WARN_OBJC_LITERAL_CONVERSION = YES;
				CLANG_WARN_OBJC_ROOT_CLASS = YES_ERROR;
				CLANG_WARN_RANGE_LOOP_ANALYSIS = YES;
				CLANG_WARN_STRICT_PROTOTYPES = YES;
				CLANG_WARN_SUSPICIOUS_MOVE = YES;
				CLANG_WARN_UNGUARDED_AVAILABILITY = YES_AGGRESSIVE;
				CLANG_WARN_UNREACHABLE_CODE = YES;
				CLANG_WARN__DUPLICATE_METHOD_MATCH = YES;
				CODE_SIGN_IDENTITY = "iPhone Developer";
				COPY_PHASE_STRIP = NO;
				DEBUG_INFORMATION_FORMAT = dwarf;
				ENABLE_STRICT_OBJC_MSGSEND = YES;
				ENABLE_TESTABILITY = YES;
				GCC_C_LANGUAGE_STANDARD = gnu11;
				GCC_DYNAMIC_NO_PIC = NO;
				GCC_NO_COMMON_BLOCKS = YES;
				GCC_OPTIMIZATION_LEVEL = 0;
				GCC_PREPROCESSOR_DEFINITIONS = (
					"DEBUG=1",
					"$(inherited)",
				);
				GCC_WARN_64_TO_32_BIT_CONVERSION = YES;
				GCC_WARN_ABOUT_RETURN_TYPE = YES_ERROR;
				GCC_WARN_UNDECLARED_SELECTOR = YES;
				GCC_WARN_UNINITIALIZED_AUTOS = YES_AGGRESSIVE;
				GCC_WARN_UNUSED_FUNCTION = YES;
				GCC_WARN_UNUSED_VARIABLE = YES;
				IPHONEOS_DEPLOYMENT_TARGET = 12.1;
				MTL_ENABLE_DEBUG_INFO = INCLUDE_SOURCE;
				MTL_FAST_MATH = YES;
				ONLY_ACTIVE_ARCH = YES;
				SDKROOT = iphoneos;
				SWIFT_ACTIVE_COMPILATION_CONDITIONS = DEBUG;
				SWIFT_OPTIMIZATION_LEVEL = "-Onone";
			};
			name = Debug;
		};
		727C9CFC21E79FFD0096935A /* Release */ = {
			isa = XCBuildConfiguration;
			buildSettings = {
				ALWAYS_SEARCH_USER_PATHS = NO;
				CLANG_ANALYZER_NONNULL = YES;
				CLANG_ANALYZER_NUMBER_OBJECT_CONVERSION = YES_AGGRESSIVE;
				CLANG_CXX_LANGUAGE_STANDARD = "gnu++14";
				CLANG_CXX_LIBRARY = "libc++";
				CLANG_ENABLE_MODULES = YES;
				CLANG_ENABLE_OBJC_ARC = YES;
				CLANG_ENABLE_OBJC_WEAK = YES;
				CLANG_WARN_BLOCK_CAPTURE_AUTORELEASING = YES;
				CLANG_WARN_BOOL_CONVERSION = YES;
				CLANG_WARN_COMMA = YES;
				CLANG_WARN_CONSTANT_CONVERSION = YES;
				CLANG_WARN_DEPRECATED_OBJC_IMPLEMENTATIONS = YES;
				CLANG_WARN_DIRECT_OBJC_ISA_USAGE = YES_ERROR;
				CLANG_WARN_DOCUMENTATION_COMMENTS = YES;
				CLANG_WARN_EMPTY_BODY = YES;
				CLANG_WARN_ENUM_CONVERSION = YES;
				CLANG_WARN_INFINITE_RECURSION = YES;
				CLANG_WARN_INT_CONVERSION = YES;
				CLANG_WARN_NON_LITERAL_NULL_CONVERSION = YES;
				CLANG_WARN_OBJC_IMPLICIT_RETAIN_SELF = YES;
				CLANG_WARN_OBJC_LITERAL_CONVERSION = YES;
				CLANG_WARN_OBJC_ROOT_CLASS = YES_ERROR;
				CLANG_WARN_RANGE_LOOP_ANALYSIS = YES;
				CLANG_WARN_STRICT_PROTOTYPES = YES;
				CLANG_WARN_SUSPICIOUS_MOVE = YES;
				CLANG_WARN_UNGUARDED_AVAILABILITY = YES_AGGRESSIVE;
				CLANG_WARN_UNREACHABLE_CODE = YES;
				CLANG_WARN__DUPLICATE_METHOD_MATCH = YES;
				CODE_SIGN_IDENTITY = "iPhone Developer";
				COPY_PHASE_STRIP = NO;
				DEBUG_INFORMATION_FORMAT = "dwarf-with-dsym";
				ENABLE_NS_ASSERTIONS = NO;
				ENABLE_STRICT_OBJC_MSGSEND = YES;
				GCC_C_LANGUAGE_STANDARD = gnu11;
				GCC_NO_COMMON_BLOCKS = YES;
				GCC_WARN_64_TO_32_BIT_CONVERSION = YES;
				GCC_WARN_ABOUT_RETURN_TYPE = YES_ERROR;
				GCC_WARN_UNDECLARED_SELECTOR = YES;
				GCC_WARN_UNINITIALIZED_AUTOS = YES_AGGRESSIVE;
				GCC_WARN_UNUSED_FUNCTION = YES;
				GCC_WARN_UNUSED_VARIABLE = YES;
				IPHONEOS_DEPLOYMENT_TARGET = 12.1;
				MTL_ENABLE_DEBUG_INFO = NO;
				MTL_FAST_MATH = YES;
				SDKROOT = iphoneos;
				SWIFT_COMPILATION_MODE = wholemodule;
				SWIFT_OPTIMIZATION_LEVEL = "-O";
				VALIDATE_PRODUCT = YES;
			};
			name = Release;
		};
		727C9CFE21E79FFD0096935A /* Debug */ = {
			isa = XCBuildConfiguration;
			buildSettings = {
				ASSETCATALOG_COMPILER_APPICON_NAME = AppIcon;
				CODE_SIGN_STYLE = Automatic;
				DEVELOPMENT_TEAM = 7DU6PDNRU2;
				INFOPLIST_FILE = MVC/Info.plist;
				LD_RUNPATH_SEARCH_PATHS = (
					"$(inherited)",
					"@executable_path/Frameworks",
				);
				PRODUCT_BUNDLE_IDENTIFIER = com.netcomet.MVC;
				PRODUCT_NAME = "$(TARGET_NAME)";
				SWIFT_VERSION = 4.2;
				TARGETED_DEVICE_FAMILY = "1,2";
			};
			name = Debug;
		};
		727C9CFF21E79FFD0096935A /* Release */ = {
			isa = XCBuildConfiguration;
			buildSettings = {
				ASSETCATALOG_COMPILER_APPICON_NAME = AppIcon;
				CODE_SIGN_STYLE = Automatic;
				DEVELOPMENT_TEAM = 7DU6PDNRU2;
				INFOPLIST_FILE = MVC/Info.plist;
				LD_RUNPATH_SEARCH_PATHS = (
					"$(inherited)",
					"@executable_path/Frameworks",
				);
				PRODUCT_BUNDLE_IDENTIFIER = com.netcomet.MVC;
				PRODUCT_NAME = "$(TARGET_NAME)";
				SWIFT_VERSION = 4.2;
				TARGETED_DEVICE_FAMILY = "1,2";
			};
			name = Release;
		};
		727C9D0121E79FFD0096935A /* Debug */ = {
			isa = XCBuildConfiguration;
			buildSettings = {
				ALWAYS_EMBED_SWIFT_STANDARD_LIBRARIES = YES;
				BUNDLE_LOADER = "$(TEST_HOST)";
				CODE_SIGN_STYLE = Automatic;
				DEVELOPMENT_TEAM = 7DU6PDNRU2;
				INFOPLIST_FILE = MVCTests/Info.plist;
				LD_RUNPATH_SEARCH_PATHS = (
					"$(inherited)",
					"@executable_path/Frameworks",
					"@loader_path/Frameworks",
				);
				PRODUCT_BUNDLE_IDENTIFIER = com.netcomet.MVCTests;
				PRODUCT_NAME = "$(TARGET_NAME)";
				SWIFT_VERSION = 4.2;
				TARGETED_DEVICE_FAMILY = "1,2";
				TEST_HOST = "$(BUILT_PRODUCTS_DIR)/MVC.app/MVC";
			};
			name = Debug;
		};
		727C9D0221E79FFD0096935A /* Release */ = {
			isa = XCBuildConfiguration;
			buildSettings = {
				ALWAYS_EMBED_SWIFT_STANDARD_LIBRARIES = YES;
				BUNDLE_LOADER = "$(TEST_HOST)";
				CODE_SIGN_STYLE = Automatic;
				DEVELOPMENT_TEAM = 7DU6PDNRU2;
				INFOPLIST_FILE = MVCTests/Info.plist;
				LD_RUNPATH_SEARCH_PATHS = (
					"$(inherited)",
					"@executable_path/Frameworks",
					"@loader_path/Frameworks",
				);
				PRODUCT_BUNDLE_IDENTIFIER = com.netcomet.MVCTests;
				PRODUCT_NAME = "$(TARGET_NAME)";
				SWIFT_VERSION = 4.2;
				TARGETED_DEVICE_FAMILY = "1,2";
				TEST_HOST = "$(BUILT_PRODUCTS_DIR)/MVC.app/MVC";
			};
			name = Release;
		};
		727C9D0421E79FFD0096935A /* Debug */ = {
			isa = XCBuildConfiguration;
			buildSettings = {
				ALWAYS_EMBED_SWIFT_STANDARD_LIBRARIES = YES;
				CODE_SIGN_STYLE = Automatic;
				DEVELOPMENT_TEAM = 7DU6PDNRU2;
				INFOPLIST_FILE = MVCUITests/Info.plist;
				LD_RUNPATH_SEARCH_PATHS = (
					"$(inherited)",
					"@executable_path/Frameworks",
					"@loader_path/Frameworks",
				);
				PRODUCT_BUNDLE_IDENTIFIER = com.netcomet.MVCUITests;
				PRODUCT_NAME = "$(TARGET_NAME)";
				SWIFT_VERSION = 4.2;
				TARGETED_DEVICE_FAMILY = "1,2";
				TEST_TARGET_NAME = MVC;
			};
			name = Debug;
		};
		727C9D0521E79FFD0096935A /* Release */ = {
			isa = XCBuildConfiguration;
			buildSettings = {
				ALWAYS_EMBED_SWIFT_STANDARD_LIBRARIES = YES;
				CODE_SIGN_STYLE = Automatic;
				DEVELOPMENT_TEAM = 7DU6PDNRU2;
				INFOPLIST_FILE = MVCUITests/Info.plist;
				LD_RUNPATH_SEARCH_PATHS = (
					"$(inherited)",
					"@executable_path/Frameworks",
					"@loader_path/Frameworks",
				);
				PRODUCT_BUNDLE_IDENTIFIER = com.netcomet.MVCUITests;
				PRODUCT_NAME = "$(TARGET_NAME)";
				SWIFT_VERSION = 4.2;
				TARGETED_DEVICE_FAMILY = "1,2";
				TEST_TARGET_NAME = MVC;
			};
			name = Release;
		};
/* End XCBuildConfiguration section */

/* Begin XCConfigurationList section */
		727C9CD021E79FFC0096935A /* Build configuration list for PBXProject "MVC" */ = {
			isa = XCConfigurationList;
			buildConfigurations = (
				727C9CFB21E79FFD0096935A /* Debug */,
				727C9CFC21E79FFD0096935A /* Release */,
			);
			defaultConfigurationIsVisible = 0;
			defaultConfigurationName = Release;
		};
		727C9CFD21E79FFD0096935A /* Build configuration list for PBXNativeTarget "MVC" */ = {
			isa = XCConfigurationList;
			buildConfigurations = (
				727C9CFE21E79FFD0096935A /* Debug */,
				727C9CFF21E79FFD0096935A /* Release */,
			);
			defaultConfigurationIsVisible = 0;
			defaultConfigurationName = Release;
		};
		727C9D0021E79FFD0096935A /* Build configuration list for PBXNativeTarget "MVCTests" */ = {
			isa = XCConfigurationList;
			buildConfigurations = (
				727C9D0121E79FFD0096935A /* Debug */,
				727C9D0221E79FFD0096935A /* Release */,
			);
			defaultConfigurationIsVisible = 0;
			defaultConfigurationName = Release;
		};
		727C9D0321E79FFD0096935A /* Build configuration list for PBXNativeTarget "MVCUITests" */ = {
			isa = XCConfigurationList;
			buildConfigurations = (
				727C9D0421E79FFD0096935A /* Debug */,
				727C9D0521E79FFD0096935A /* Release */,
			);
			defaultConfigurationIsVisible = 0;
			defaultConfigurationName = Release;
		};
/* End XCConfigurationList section */
	};
	rootObject = 727C9CCD21E79FFC0096935A /* Project object */;
}
